
Microsoft Visual Studio Solution File, Format Version 12.00
# Visual Studio 15
Project("{FAE04EC0-301F-11D3-BF4B-00C04F79EFBC}") = "DatingApp.API", "DatingApp.API.csproj", "{513023CA-10CB-47BF-A58F-293437217804}"
EndProject
Global
	GlobalSection(SolutionConfigurationPlatforms) = preSolution
		Debug|Any CPU = Debug|Any CPU
		Release|Any CPU = Release|Any CPU
	EndGlobalSection
	GlobalSection(ProjectConfigurationPlatforms) = postSolution
		{513023CA-10CB-47BF-A58F-293437217804}.Debug|Any CPU.ActiveCfg = Debug|Any CPU
		{513023CA-10CB-47BF-A58F-293437217804}.Debug|Any CPU.Build.0 = Debug|Any CPU
		{513023CA-10CB-47BF-A58F-293437217804}.Release|Any CPU.ActiveCfg = Release|Any CPU
		{513023CA-10CB-47BF-A58F-293437217804}.Release|Any CPU.Build.0 = Release|Any CPU
	EndGlobalSection
EndGlobal
